// !$*UTF8*$!
{
	archiveVersion = 1;
	classes = {
	};
	objectVersion = 46;
	objects = {

/* Begin PBXBuildFile section */
		1E27E5E41E94A06800E4B5B1 /* main.m in Sources */ = {isa = PBXBuildFile; fileRef = 1E27E5E31E94A06700E4B5B1 /* main.m */; };
		1E27E5E71E94A06800E4B5B1 /* AppDelegate.m in Sources */ = {isa = PBXBuildFile; fileRef = 1E27E5E61E94A06800E4B5B1 /* AppDelegate.m */; };
		1E27E5EA1E94A06800E4B5B1 /* ViewController.m in Sources */ = {isa = PBXBuildFile; fileRef = 1E27E5E91E94A06800E4B5B1 /* ViewController.m */; };
		1E27E5ED1E94A06800E4B5B1 /* Main.storyboard in Resources */ = {isa = PBXBuildFile; fileRef = 1E27E5EB1E94A06800E4B5B1 /* Main.storyboard */; };
		1E27E5EF1E94A06800E4B5B1 /* Assets.xcassets in Resources */ = {isa = PBXBuildFile; fileRef = 1E27E5EE1E94A06800E4B5B1 /* Assets.xcassets */; };
		1E27E5F21E94A06800E4B5B1 /* LaunchScreen.storyboard in Resources */ = {isa = PBXBuildFile; fileRef = 1E27E5F01E94A06800E4B5B1 /* LaunchScreen.storyboard */; };
		1E27E5FD1E94A06800E4B5B1 /* XCDropdownTableViewExampleTests.m in Sources */ = {isa = PBXBuildFile; fileRef = 1E27E5FC1E94A06800E4B5B1 /* XCDropdownTableViewExampleTests.m */; };
		1E27E6081E94A06800E4B5B1 /* XCDropdownTableViewExampleUITests.m in Sources */ = {isa = PBXBuildFile; fileRef = 1E27E6071E94A06800E4B5B1 /* XCDropdownTableViewExampleUITests.m */; };
		1E27E6181E94A0AE00E4B5B1 /* XCDroupdownTableView.m in Sources */ = {isa = PBXBuildFile; fileRef = 1E27E6171E94A0AE00E4B5B1 /* XCDroupdownTableView.m */; };
		1E2C113B20A57202002B7EBC /* XXXCell.m in Sources */ = {isa = PBXBuildFile; fileRef = 1E2C113920A57202002B7EBC /* XXXCell.m */; };
		1E2C113C20A57202002B7EBC /* XXXCell.xib in Resources */ = {isa = PBXBuildFile; fileRef = 1E2C113A20A57202002B7EBC /* XXXCell.xib */; };
/* End PBXBuildFile section */

/* Begin PBXContainerItemProxy section */
		1E27E5F91E94A06800E4B5B1 /* PBXContainerItemProxy */ = {
			isa = PBXContainerItemProxy;
			containerPortal = 1E27E5D71E94A06700E4B5B1 /* Project object */;
			proxyType = 1;
			remoteGlobalIDString = 1E27E5DE1E94A06700E4B5B1;
			remoteInfo = XCDropdownTableViewExample;
		};
		1E27E6041E94A06800E4B5B1 /* PBXContainerItemProxy */ = {
			isa = PBXContainerItemProxy;
			containerPortal = 1E27E5D71E94A06700E4B5B1 /* Project object */;
			proxyType = 1;
			remoteGlobalIDString = 1E27E5DE1E94A06700E4B5B1;
			remoteInfo = XCDropdownTableViewExample;
		};
/* End PBXContainerItemProxy section */

/* Begin PBXFileReference section */
		1E27E5DF1E94A06700E4B5B1 /* XCDropdownTableViewExample.app */ = {isa = PBXFileReference; explicitFileType = wrapper.application; includeInIndex = 0; path = XCDropdownTableViewExample.app; sourceTree = BUILT_PRODUCTS_DIR; };
		1E27E5E31E94A06700E4B5B1 /* main.m */ = {isa = PBXFileReference; lastKnownFileType = sourcecode.c.objc; path = main.m; sourceTree = "<group>"; };
		1E27E5E51E94A06800E4B5B1 /* AppDelegate.h */ = {isa = PBXFileReference; lastKnownFileType = sourcecode.c.h; path = AppDelegate.h; sourceTree = "<group>"; };
		1E27E5E61E94A06800E4B5B1 /* AppDelegate.m */ = {isa = PBXFileReference; lastKnownFileType = sourcecode.c.objc; path = AppDelegate.m; sourceTree = "<group>"; };
		1E27E5E81E94A06800E4B5B1 /* ViewController.h */ = {isa = PBXFileReference; lastKnownFileType = sourcecode.c.h; path = ViewController.h; sourceTree = "<group>"; };
		1E27E5E91E94A06800E4B5B1 /* ViewController.m */ = {isa = PBXFileReference; lastKnownFileType = sourcecode.c.objc; path = ViewController.m; sourceTree = "<group>"; };
		1E27E5EC1E94A06800E4B5B1 /* Base */ = {isa = PBXFileReference; lastKnownFileType = file.storyboard; name = Base; path = Base.lproj/Main.storyboard; sourceTree = "<group>"; };
		1E27E5EE1E94A06800E4B5B1 /* Assets.xcassets */ = {isa = PBXFileReference; lastKnownFileType = folder.assetcatalog; path = Assets.xcassets; sourceTree = "<group>"; };
		1E27E5F11E94A06800E4B5B1 /* Base */ = {isa = PBXFileReference; lastKnownFileType = file.storyboard; name = Base; path = Base.lproj/LaunchScreen.storyboard; sourceTree = "<group>"; };
		1E27E5F31E94A06800E4B5B1 /* Info.plist */ = {isa = PBXFileReference; lastKnownFileType = text.plist.xml; path = Info.plist; sourceTree = "<group>"; };
		1E27E5F81E94A06800E4B5B1 /* XCDropdownTableViewExampleTests.xctest */ = {isa = PBXFileReference; explicitFileType = wrapper.cfbundle; includeInIndex = 0; path = XCDropdownTableViewExampleTests.xctest; sourceTree = BUILT_PRODUCTS_DIR; };
		1E27E5FC1E94A06800E4B5B1 /* XCDropdownTableViewExampleTests.m */ = {isa = PBXFileReference; lastKnownFileType = sourcecode.c.objc; path = XCDropdownTableViewExampleTests.m; sourceTree = "<group>"; };
		1E27E5FE1E94A06800E4B5B1 /* Info.plist */ = {isa = PBXFileReference; lastKnownFileType = text.plist.xml; path = Info.plist; sourceTree = "<group>"; };
		1E27E6031E94A06800E4B5B1 /* XCDropdownTableViewExampleUITests.xctest */ = {isa = PBXFileReference; explicitFileType = wrapper.cfbundle; includeInIndex = 0; path = XCDropdownTableViewExampleUITests.xctest; sourceTree = BUILT_PRODUCTS_DIR; };
		1E27E6071E94A06800E4B5B1 /* XCDropdownTableViewExampleUITests.m */ = {isa = PBXFileReference; lastKnownFileType = sourcecode.c.objc; path = XCDropdownTableViewExampleUITests.m; sourceTree = "<group>"; };
		1E27E6091E94A06800E4B5B1 /* Info.plist */ = {isa = PBXFileReference; lastKnownFileType = text.plist.xml; path = Info.plist; sourceTree = "<group>"; };
		1E27E6161E94A0AE00E4B5B1 /* XCDroupdownTableView.h */ = {isa = PBXFileReference; fileEncoding = 4; lastKnownFileType = sourcecode.c.h; path = XCDroupdownTableView.h; sourceTree = "<group>"; };
		1E27E6171E94A0AE00E4B5B1 /* XCDroupdownTableView.m */ = {isa = PBXFileReference; fileEncoding = 4; lastKnownFileType = sourcecode.c.objc; path = XCDroupdownTableView.m; sourceTree = "<group>"; };
		1E2C113820A57202002B7EBC /* XXXCell.h */ = {isa = PBXFileReference; lastKnownFileType = sourcecode.c.h; path = XXXCell.h; sourceTree = "<group>"; };
		1E2C113920A57202002B7EBC /* XXXCell.m */ = {isa = PBXFileReference; lastKnownFileType = sourcecode.c.objc; path = XXXCell.m; sourceTree = "<group>"; };
		1E2C113A20A57202002B7EBC /* XXXCell.xib */ = {isa = PBXFileReference; lastKnownFileType = file.xib; path = XXXCell.xib; sourceTree = "<group>"; };
/* End PBXFileReference section */

/* Begin PBXFrameworksBuildPhase section */
		1E27E5DC1E94A06700E4B5B1 /* Frameworks */ = {
			isa = PBXFrameworksBuildPhase;
			buildActionMask = 2147483647;
			files = (
			);
			runOnlyForDeploymentPostprocessing = 0;
		};
		1E27E5F51E94A06800E4B5B1 /* Frameworks */ = {
			isa = PBXFrameworksBuildPhase;
			buildActionMask = 2147483647;
			files = (
			);
			runOnlyForDeploymentPostprocessing = 0;
		};
		1E27E6001E94A06800E4B5B1 /* Frameworks */ = {
			isa = PBXFrameworksBuildPhase;
			buildActionMask = 2147483647;
			files = (
			);
			runOnlyForDeploymentPostprocessing = 0;
		};
/* End PBXFrameworksBuildPhase section */

/* Begin PBXGroup section */
		1E27E5D61E94A06700E4B5B1 = {
			isa = PBXGroup;
			children = (
				1E27E6151E94A0AE00E4B5B1 /* XCDropdownTableView */,
				1E27E5E11E94A06700E4B5B1 /* XCDropdownTableViewExample */,
				1E27E5FB1E94A06800E4B5B1 /* XCDropdownTableViewExampleTests */,
				1E27E6061E94A06800E4B5B1 /* XCDropdownTableViewExampleUITests */,
				1E27E5E01E94A06700E4B5B1 /* Products */,
			);
			sourceTree = "<group>";
		};
		1E27E5E01E94A06700E4B5B1 /* Products */ = {
			isa = PBXGroup;
			children = (
				1E27E5DF1E94A06700E4B5B1 /* XCDropdownTableViewExample.app */,
				1E27E5F81E94A06800E4B5B1 /* XCDropdownTableViewExampleTests.xctest */,
				1E27E6031E94A06800E4B5B1 /* XCDropdownTableViewExampleUITests.xctest */,
			);
			name = Products;
			sourceTree = "<group>";
		};
		1E27E5E11E94A06700E4B5B1 /* XCDropdownTableViewExample */ = {
			isa = PBXGroup;
			children = (
				1E27E5E51E94A06800E4B5B1 /* AppDelegate.h */,
				1E27E5E61E94A06800E4B5B1 /* AppDelegate.m */,
				1E27E5E81E94A06800E4B5B1 /* ViewController.h */,
				1E27E5E91E94A06800E4B5B1 /* ViewController.m */,
				1E2C113820A57202002B7EBC /* XXXCell.h */,
				1E2C113920A57202002B7EBC /* XXXCell.m */,
				1E2C113A20A57202002B7EBC /* XXXCell.xib */,
				1E27E5EB1E94A06800E4B5B1 /* Main.storyboard */,
				1E27E5EE1E94A06800E4B5B1 /* Assets.xcassets */,
				1E27E5F01E94A06800E4B5B1 /* LaunchScreen.storyboard */,
				1E27E5F31E94A06800E4B5B1 /* Info.plist */,
				1E27E5E21E94A06700E4B5B1 /* Supporting Files */,
			);
			path = XCDropdownTableViewExample;
			sourceTree = "<group>";
		};
		1E27E5E21E94A06700E4B5B1 /* Supporting Files */ = {
			isa = PBXGroup;
			children = (
				1E27E5E31E94A06700E4B5B1 /* main.m */,
			);
			name = "Supporting Files";
			sourceTree = "<group>";
		};
		1E27E5FB1E94A06800E4B5B1 /* XCDropdownTableViewExampleTests */ = {
			isa = PBXGroup;
			children = (
				1E27E5FC1E94A06800E4B5B1 /* XCDropdownTableViewExampleTests.m */,
				1E27E5FE1E94A06800E4B5B1 /* Info.plist */,
			);
			path = XCDropdownTableViewExampleTests;
			sourceTree = "<group>";
		};
		1E27E6061E94A06800E4B5B1 /* XCDropdownTableViewExampleUITests */ = {
			isa = PBXGroup;
			children = (
				1E27E6071E94A06800E4B5B1 /* XCDropdownTableViewExampleUITests.m */,
				1E27E6091E94A06800E4B5B1 /* Info.plist */,
			);
			path = XCDropdownTableViewExampleUITests;
			sourceTree = "<group>";
		};
		1E27E6151E94A0AE00E4B5B1 /* XCDropdownTableView */ = {
			isa = PBXGroup;
			children = (
				1E27E6161E94A0AE00E4B5B1 /* XCDroupdownTableView.h */,
				1E27E6171E94A0AE00E4B5B1 /* XCDroupdownTableView.m */,
			);
			path = XCDropdownTableView;
			sourceTree = "<group>";
		};
/* End PBXGroup section */

/* Begin PBXNativeTarget section */
		1E27E5DE1E94A06700E4B5B1 /* XCDropdownTableViewExample */ = {
			isa = PBXNativeTarget;
			buildConfigurationList = 1E27E60C1E94A06800E4B5B1 /* Build configuration list for PBXNativeTarget "XCDropdownTableViewExample" */;
			buildPhases = (
				1E27E5DB1E94A06700E4B5B1 /* Sources */,
				1E27E5DC1E94A06700E4B5B1 /* Frameworks */,
				1E27E5DD1E94A06700E4B5B1 /* Resources */,
			);
			buildRules = (
			);
			dependencies = (
			);
			name = XCDropdownTableViewExample;
			productName = XCDropdownTableViewExample;
			productReference = 1E27E5DF1E94A06700E4B5B1 /* XCDropdownTableViewExample.app */;
			productType = "com.apple.product-type.application";
		};
		1E27E5F71E94A06800E4B5B1 /* XCDropdownTableViewExampleTests */ = {
			isa = PBXNativeTarget;
			buildConfigurationList = 1E27E60F1E94A06800E4B5B1 /* Build configuration list for PBXNativeTarget "XCDropdownTableViewExampleTests" */;
			buildPhases = (
				1E27E5F41E94A06800E4B5B1 /* Sources */,
				1E27E5F51E94A06800E4B5B1 /* Frameworks */,
				1E27E5F61E94A06800E4B5B1 /* Resources */,
			);
			buildRules = (
			);
			dependencies = (
				1E27E5FA1E94A06800E4B5B1 /* PBXTargetDependency */,
			);
			name = XCDropdownTableViewExampleTests;
			productName = XCDropdownTableViewExampleTests;
			productReference = 1E27E5F81E94A06800E4B5B1 /* XCDropdownTableViewExampleTests.xctest */;
			productType = "com.apple.product-type.bundle.unit-test";
		};
		1E27E6021E94A06800E4B5B1 /* XCDropdownTableViewExampleUITests */ = {
			isa = PBXNativeTarget;
			buildConfigurationList = 1E27E6121E94A06800E4B5B1 /* Build configuration list for PBXNativeTarget "XCDropdownTableViewExampleUITests" */;
			buildPhases = (
				1E27E5FF1E94A06800E4B5B1 /* Sources */,
				1E27E6001E94A06800E4B5B1 /* Frameworks */,
				1E27E6011E94A06800E4B5B1 /* Resources */,
			);
			buildRules = (
			);
			dependencies = (
				1E27E6051E94A06800E4B5B1 /* PBXTargetDependency */,
			);
			name = XCDropdownTableViewExampleUITests;
			productName = XCDropdownTableViewExampleUITests;
			productReference = 1E27E6031E94A06800E4B5B1 /* XCDropdownTableViewExampleUITests.xctest */;
			productType = "com.apple.product-type.bundle.ui-testing";
		};
/* End PBXNativeTarget section */

/* Begin PBXProject section */
		1E27E5D71E94A06700E4B5B1 /* Project object */ = {
			isa = PBXProject;
			attributes = {
				LastUpgradeCheck = 0810;
				ORGANIZATIONNAME = "樊小聪";
				TargetAttributes = {
					1E27E5DE1E94A06700E4B5B1 = {
						CreatedOnToolsVersion = 8.1;
						ProvisioningStyle = Automatic;
					};
					1E27E5F71E94A06800E4B5B1 = {
						CreatedOnToolsVersion = 8.1;
						ProvisioningStyle = Automatic;
						TestTargetID = 1E27E5DE1E94A06700E4B5B1;
					};
					1E27E6021E94A06800E4B5B1 = {
						CreatedOnToolsVersion = 8.1;
						ProvisioningStyle = Automatic;
						TestTargetID = 1E27E5DE1E94A06700E4B5B1;
					};
				};
			};
			buildConfigurationList = 1E27E5DA1E94A06700E4B5B1 /* Build configuration list for PBXProject "XCDropdownTableViewExample" */;
			compatibilityVersion = "Xcode 3.2";
			developmentRegion = English;
			hasScannedForEncodings = 0;
			knownRegions = (
				en,
				Base,
			);
			mainGroup = 1E27E5D61E94A06700E4B5B1;
			productRefGroup = 1E27E5E01E94A06700E4B5B1 /* Products */;
			projectDirPath = "";
			projectRoot = "";
			targets = (
				1E27E5DE1E94A06700E4B5B1 /* XCDropdownTableViewExample */,
				1E27E5F71E94A06800E4B5B1 /* XCDropdownTableViewExampleTests */,
				1E27E6021E94A06800E4B5B1 /* XCDropdownTableViewExampleUITests */,
			);
		};
/* End PBXProject section */

/* Begin PBXResourcesBuildPhase section */
		1E27E5DD1E94A06700E4B5B1 /* Resources */ = {
			isa = PBXResourcesBuildPhase;
			buildActionMask = 2147483647;
			files = (
				1E2C113C20A57202002B7EBC /* XXXCell.xib in Resources */,
				1E27E5F21E94A06800E4B5B1 /* LaunchScreen.storyboard in Resources */,
				1E27E5EF1E94A06800E4B5B1 /* Assets.xcassets in Resources */,
				1E27E5ED1E94A06800E4B5B1 /* Main.storyboard in Resources */,
			);
			runOnlyForDeploymentPostprocessing = 0;
		};
		1E27E5F61E94A06800E4B5B1 /* Resources */ = {
			isa = PBXResourcesBuildPhase;
			buildActionMask = 2147483647;
			files = (
			);
			runOnlyForDeploymentPostprocessing = 0;
		};
		1E27E6011E94A06800E4B5B1 /* Resources */ = {
			isa = PBXResourcesBuildPhase;
			buildActionMask = 2147483647;
			files = (
			);
			runOnlyForDeploymentPostprocessing = 0;
		};
/* End PBXResourcesBuildPhase section */

/* Begin PBXSourcesBuildPhase section */
		1E27E5DB1E94A06700E4B5B1 /* Sources */ = {
			isa = PBXSourcesBuildPhase;
			buildActionMask = 2147483647;
			files = (
				1E27E5EA1E94A06800E4B5B1 /* ViewController.m in Sources */,
				1E27E6181E94A0AE00E4B5B1 /* XCDroupdownTableView.m in Sources */,
				1E27E5E71E94A06800E4B5B1 /* AppDelegate.m in Sources */,
				1E2C113B20A57202002B7EBC /* XXXCell.m in Sources */,
				1E27E5E41E94A06800E4B5B1 /* main.m in Sources */,
			);
			runOnlyForDeploymentPostprocessing = 0;
		};
		1E27E5F41E94A06800E4B5B1 /* Sources */ = {
			isa = PBXSourcesBuildPhase;
			buildActionMask = 2147483647;
			files = (
				1E27E5FD1E94A06800E4B5B1 /* XCDropdownTableViewExampleTests.m in Sources */,
			);
			runOnlyForDeploymentPostprocessing = 0;
		};
		1E27E5FF1E94A06800E4B5B1 /* Sources */ = {
			isa = PBXSourcesBuildPhase;
			buildActionMask = 2147483647;
			files = (
				1E27E6081E94A06800E4B5B1 /* XCDropdownTableViewExampleUITests.m in Sources */,
			);
			runOnlyForDeploymentPostprocessing = 0;
		};
/* End PBXSourcesBuildPhase section */

/* Begin PBXTargetDependency section */
		1E27E5FA1E94A06800E4B5B1 /* PBXTargetDependency */ = {
			isa = PBXTargetDependency;
			target = 1E27E5DE1E94A06700E4B5B1 /* XCDropdownTableViewExample */;
			targetProxy = 1E27E5F91E94A06800E4B5B1 /* PBXContainerItemProxy */;
		};
		1E27E6051E94A06800E4B5B1 /* PBXTargetDependency */ = {
			isa = PBXTargetDependency;
			target = 1E27E5DE1E94A06700E4B5B1 /* XCDropdownTableViewExample */;
			targetProxy = 1E27E6041E94A06800E4B5B1 /* PBXContainerItemProxy */;
		};
/* End PBXTargetDependency section */

/* Begin PBXVariantGroup section */
		1E27E5EB1E94A06800E4B5B1 /* Main.storyboard */ = {
			isa = PBXVariantGroup;
			children = (
				1E27E5EC1E94A06800E4B5B1 /* Base */,
			);
			name = Main.storyboard;
			sourceTree = "<group>";
		};
		1E27E5F01E94A06800E4B5B1 /* LaunchScreen.storyboard */ = {
			isa = PBXVariantGroup;
			children = (
				1E27E5F11E94A06800E4B5B1 /* Base */,
			);
			name = LaunchScreen.storyboard;
			sourceTree = "<group>";
		};
/* End PBXVariantGroup section */

/* Begin XCBuildConfiguration section */
		1E27E60A1E94A06800E4B5B1 /* Debug */ = {
			isa = XCBuildConfiguration;
			buildSettings = {
				ALWAYS_SEARCH_USER_PATHS = NO;
				CLANG_ANALYZER_NONNULL = YES;
				CLANG_CXX_LANGUAGE_STANDARD = "gnu++0x";
				CLANG_CXX_LIBRARY = "libc++";
				CLANG_ENABLE_MODULES = YES;
				CLANG_ENABLE_OBJC_ARC = YES;
				CLANG_WARN_BOOL_CONVERSION = YES;
				CLANG_WARN_CONSTANT_CONVERSION = YES;
				CLANG_WARN_DIRECT_OBJC_ISA_USAGE = YES_ERROR;
				CLANG_WARN_DOCUMENTATION_COMMENTS = YES;
				CLANG_WARN_EMPTY_BODY = YES;
				CLANG_WARN_ENUM_CONVERSION = YES;
				CLANG_WARN_INFINITE_RECURSION = YES;
				CLANG_WARN_INT_CONVERSION = YES;
				CLANG_WARN_OBJC_ROOT_CLASS = YES_ERROR;
				CLANG_WARN_SUSPICIOUS_MOVES = YES;
				CLANG_WARN_UNREACHABLE_CODE = YES;
				CLANG_WARN__DUPLICATE_METHOD_MATCH = YES;
				"CODE_SIGN_IDENTITY[sdk=iphoneos*]" = "iPhone Developer";
				COPY_PHASE_STRIP = NO;
				DEBUG_INFORMATION_FORMAT = dwarf;
				ENABLE_STRICT_OBJC_MSGSEND = YES;
				ENABLE_TESTABILITY = YES;
				GCC_C_LANGUAGE_STANDARD = gnu99;
				GCC_DYNAMIC_NO_PIC = NO;
				GCC_NO_COMMON_BLOCKS = YES;
				GCC_OPTIMIZATION_LEVEL = 0;
				GCC_PREPROCESSOR_DEFINITIONS = (
					"DEBUG=1",
					"$(inherited)",
				);
				GCC_WARN_64_TO_32_BIT_CONVERSION = YES;
				GCC_WARN_ABOUT_RETURN_TYPE = YES_ERROR;
				GCC_WARN_UNDECLARED_SELECTOR = YES;
				GCC_WARN_UNINITIALIZED_AUTOS = YES_AGGRESSIVE;
				GCC_WARN_UNUSED_FUNCTION = YES;
				GCC_WARN_UNUSED_VARIABLE = YES;
				IPHONEOS_DEPLOYMENT_TARGET = 10.1;
				MTL_ENABLE_DEBUG_INFO = YES;
				ONLY_ACTIVE_ARCH = YES;
				SDKROOT = iphoneos;
			};
			name = Debug;
		};
		1E27E60B1E94A06800E4B5B1 /* Release */ = {
			isa = XCBuildConfiguration;
			buildSettings = {
				ALWAYS_SEARCH_USER_PATHS = NO;
				CLANG_ANALYZER_NONNULL = YES;
				CLANG_CXX_LANGUAGE_STANDARD = "gnu++0x";
				CLANG_CXX_LIBRARY = "libc++";
				CLANG_ENABLE_MODULES = YES;
				CLANG_ENABLE_OBJC_ARC = YES;
				CLANG_WARN_BOOL_CONVERSION = YES;
				CLANG_WARN_CONSTANT_CONVERSION = YES;
				CLANG_WARN_DIRECT_OBJC_ISA_USAGE = YES_ERROR;
				CLANG_WARN_DOCUMENTATION_COMMENTS = YES;
				CLANG_WARN_EMPTY_BODY = YES;
				CLANG_WARN_ENUM_CONVERSION = YES;
				CLANG_WARN_INFINITE_RECURSION = YES;
				CLANG_WARN_INT_CONVERSION = YES;
				CLANG_WARN_OBJC_ROOT_CLASS = YES_ERROR;
				CLANG_WARN_SUSPICIOUS_MOVES = YES;
				CLANG_WARN_UNREACHABLE_CODE = YES;
				CLANG_WARN__DUPLICATE_METHOD_MATCH = YES;
				"CODE_SIGN_IDENTITY[sdk=iphoneos*]" = "iPhone Developer";
				COPY_PHASE_STRIP = NO;
				DEBUG_INFORMATION_FORMAT = "dwarf-with-dsym";
				ENABLE_NS_ASSERTIONS = NO;
				ENABLE_STRICT_OBJC_MSGSEND = YES;
				GCC_C_LANGUAGE_STANDARD = gnu99;
				GCC_NO_COMMON_BLOCKS = YES;
				GCC_WARN_64_TO_32_BIT_CONVERSION = YES;
				GCC_WARN_ABOUT_RETURN_TYPE = YES_ERROR;
				GCC_WARN_UNDECLARED_SELECTOR = YES;
				GCC_WARN_UNINITIALIZED_AUTOS = YES_AGGRESSIVE;
				GCC_WARN_UNUSED_FUNCTION = YES;
				GCC_WARN_UNUSED_VARIABLE = YES;
				IPHONEOS_DEPLOYMENT_TARGET = 10.1;
				MTL_ENABLE_DEBUG_INFO = NO;
				SDKROOT = iphoneos;
				VALIDATE_PRODUCT = YES;
			};
			name = Release;
		};
		1E27E60D1E94A06800E4B5B1 /* Debug */ = {
			isa = XCBuildConfiguration;
			buildSettings = {
				ASSETCATALOG_COMPILER_APPICON_NAME = AppIcon;
				INFOPLIST_FILE = XCDropdownTableViewExample/Info.plist;
				LD_RUNPATH_SEARCH_PATHS = "$(inherited) @executable_path/Frameworks";
				PRODUCT_BUNDLE_IDENTIFIER = ylh.XCDropdownTableViewExample;
				PRODUCT_NAME = "$(TARGET_NAME)";
			};
			name = Debug;
		};
		1E27E60E1E94A06800E4B5B1 /* Release */ = {
			isa = XCBuildConfiguration;
			buildSettings = {
				ASSETCATALOG_COMPILER_APPICON_NAME = AppIcon;
				INFOPLIST_FILE = XCDropdownTableViewExample/Info.plist;
				LD_RUNPATH_SEARCH_PATHS = "$(inherited) @executable_path/Frameworks";
				PRODUCT_BUNDLE_IDENTIFIER = ylh.XCDropdownTableViewExample;
				PRODUCT_NAME = "$(TARGET_NAME)";
			};
			name = Release;
		};
		1E27E6101E94A06800E4B5B1 /* Debug */ = {
			isa = XCBuildConfiguration;
			buildSettings = {
				BUNDLE_LOADER = "$(TEST_HOST)";
				INFOPLIST_FILE = XCDropdownTableViewExampleTests/Info.plist;
				LD_RUNPATH_SEARCH_PATHS = "$(inherited) @executable_path/Frameworks @loader_path/Frameworks";
				PRODUCT_BUNDLE_IDENTIFIER = ylh.XCDropdownTableViewExampleTests;
				PRODUCT_NAME = "$(TARGET_NAME)";
				TEST_HOST = "$(BUILT_PRODUCTS_DIR)/XCDropdownTableViewExample.app/XCDropdownTableViewExample";
			};
			name = Debug;
		};
		1E27E6111E94A06800E4B5B1 /* Release */ = {
			isa = XCBuildConfiguration;
			buildSettings = {
				BUNDLE_LOADER = "$(TEST_HOST)";
				INFOPLIST_FILE = XCDropdownTableViewExampleTests/Info.plist;
				LD_RUNPATH_SEARCH_PATHS = "$(inherited) @executable_path/Frameworks @loader_path/Frameworks";
				PRODUCT_BUNDLE_IDENTIFIER = ylh.XCDropdownTableViewExampleTests;
				PRODUCT_NAME = "$(TARGET_NAME)";
				TEST_HOST = "$(BUILT_PRODUCTS_DIR)/XCDropdownTableViewExample.app/XCDropdownTableViewExample";
			};
			name = Release;
		};
		1E27E6131E94A06800E4B5B1 /* Debug */ = {
			isa = XCBuildConfiguration;
			buildSettings = {
				INFOPLIST_FILE = XCDropdownTableViewExampleUITests/Info.plist;
				LD_RUNPATH_SEARCH_PATHS = "$(inherited) @executable_path/Frameworks @loader_path/Frameworks";
				PRODUCT_BUNDLE_IDENTIFIER = ylh.XCDropdownTableViewExampleUITests;
				PRODUCT_NAME = "$(TARGET_NAME)";
				TEST_TARGET_NAME = XCDropdownTableViewExample;
			};
			name = Debug;
		};
		1E27E6141E94A06800E4B5B1 /* Release */ = {
			isa = XCBuildConfiguration;
			buildSettings = {
				INFOPLIST_FILE = XCDropdownTableViewExampleUITests/Info.plist;
				LD_RUNPATH_SEARCH_PATHS = "$(inherited) @executable_path/Frameworks @loader_path/Frameworks";
				PRODUCT_BUNDLE_IDENTIFIER = ylh.XCDropdownTableViewExampleUITests;
				PRODUCT_NAME = "$(TARGET_NAME)";
				TEST_TARGET_NAME = XCDropdownTableViewExample;
			};
			name = Release;
		};
/* End XCBuildConfiguration section */

/* Begin XCConfigurationList section */
		1E27E5DA1E94A06700E4B5B1 /* Build configuration list for PBXProject "XCDropdownTableViewExample" */ = {
			isa = XCConfigurationList;
			buildConfigurations = (
				1E27E60A1E94A06800E4B5B1 /* Debug */,
				1E27E60B1E94A06800E4B5B1 /* Release */,
			);
			defaultConfigurationIsVisible = 0;
			defaultConfigurationName = Release;
		};
		1E27E60C1E94A06800E4B5B1 /* Build configuration list for PBXNativeTarget "XCDropdownTableViewExample" */ = {
			isa = XCConfigurationList;
			buildConfigurations = (
				1E27E60D1E94A06800E4B5B1 /* Debug */,
				1E27E60E1E94A06800E4B5B1 /* Release */,
			);
			defaultConfigurationIsVisible = 0;
			defaultConfigurationName = Release;
		};
		1E27E60F1E94A06800E4B5B1 /* Build configuration list for PBXNativeTarget "XCDropdownTableViewExampleTests" */ = {
			isa = XCConfigurationList;
			buildConfigurations = (
				1E27E6101E94A06800E4B5B1 /* Debug */,
				1E27E6111E94A06800E4B5B1 /* Release */,
			);
			defaultConfigurationIsVisible = 0;
			defaultConfigurationName = Release;
		};
		1E27E6121E94A06800E4B5B1 /* Build configuration list for PBXNativeTarget "XCDropdownTableViewExampleUITests" */ = {
			isa = XCConfigurationList;
			buildConfigurations = (
				1E27E6131E94A06800E4B5B1 /* Debug */,
				1E27E6141E94A06800E4B5B1 /* Release */,
			);
			defaultConfigurationIsVisible = 0;
			defaultConfigurationName = Release;
		};
/* End XCConfigurationList section */
	};
	rootObject = 1E27E5D71E94A06700E4B5B1 /* Project object */;
}
